{
  "name": "portfolio-site",
  "version": "0.1.0",
  "lockfileVersion": 2,
  "requires": true,
  "packages": {
    "": {
      "name": "portfolio-site",
      "version": "0.1.0",
      "dependencies": {
        "@next/font": "^13.4.2",
        "@types/node": "20.1.3",
        "@types/react": "18.2.6",
        "@types/react-dom": "18.2.4",
        "next": "^13.4.2",
        "react": "^18.2.0",
        "react-dom": "^18.2.0",
        "react-icons": "^4.8.0",
        "react-parallax-mouse": "^2.0.1",
        "typescript": "5.0.4"
      }
    },
    "node_modules/@next/env": {
      "version": "13.4.2",
      "resolved": "https://registry.npmjs.org/@next/env/-/env-13.4.2.tgz",
      "integrity": "sha512-Wqvo7lDeS0KGwtwg9TT9wKQ8raelmUxt+TQKWvG/xKfcmDXNOtCuaszcfCF8JzlBG1q0VhpI6CKaRMbVPMDWgw=="
    },
    "node_modules/@next/font": {
      "version": "13.4.2",
      "resolved": "https://registry.npmjs.org/@next/font/-/font-13.4.2.tgz",
      "integrity": "sha512-II7hThMnn7Hf2xCGBB8DLD+QLScZVCNr6775l/aQVqeN3x89Yw/r3l5UHZ7PSOfQAMxoYuwm8t/wW0I/yYd/GQ=="
    },
    "node_modules/@next/swc-darwin-arm64": {
      "version": "13.4.2",
      "resolved": "https://registry.npmjs.org/@next/swc-darwin-arm64/-/swc-darwin-arm64-13.4.2.tgz",
      "integrity": "sha512-6BBlqGu3ewgJflv9iLCwO1v1hqlecaIH2AotpKfVUEzUxuuDNJQZ2a4KLb4MBl8T9/vca1YuWhSqtbF6ZuUJJw==",
      "cpu": [
        "arm64"
      ],
      "optional": true,
      "os": [
        "darwin"
      ],
      "engines": {
        "node": ">= 10"
      }
    },
    "node_modules/@next/swc-darwin-x64": {
      "version": "13.4.2",
      "resolved": "https://registry.npmjs.org/@next/swc-darwin-x64/-/swc-darwin-x64-13.4.2.tgz",
      "integrity": "sha512-iZuYr7ZvGLPjPmfhhMl0ISm+z8EiyLBC1bLyFwGBxkWmPXqdJ60mzuTaDSr5WezDwv0fz32HB7JHmRC6JVHSZg==",
      "cpu": [
        "x64"
      ],
      "optional": true,
      "os": [
        "darwin"
      ],
      "engines": {
        "node": ">= 10"
      }
    },
    "node_modules/@next/swc-linux-arm64-gnu": {
      "version": "13.4.2",
      "resolved": "https://registry.npmjs.org/@next/swc-linux-arm64-gnu/-/swc-linux-arm64-gnu-13.4.2.tgz",
      "integrity": "sha512-2xVabFtIge6BJTcJrW8YuUnYTuQjh4jEuRuS2mscyNVOj6zUZkom3CQg+egKOoS+zh2rrro66ffSKIS+ztFJTg==",
      "cpu": [
        "arm64"
      ],
      "optional": true,
      "os": [
        "linux"
      ],
      "engines": {
        "node": ">= 10"
      }
    },
    "node_modules/@next/swc-linux-arm64-musl": {
      "version": "13.4.2",
      "resolved": "https://registry.npmjs.org/@next/swc-linux-arm64-musl/-/swc-linux-arm64-musl-13.4.2.tgz",
      "integrity": "sha512-wKRCQ27xCUJx5d6IivfjYGq8oVngqIhlhSAJntgXLt7Uo9sRT/3EppMHqUZRfyuNBTbykEre1s5166z+pvRB5A==",
      "cpu": [
        "arm64"
      ],
      "optional": true,
      "os": [
        "linux"
      ],
      "engines": {
        "node": ">= 10"
      }
    },
    "node_modules/@next/swc-linux-x64-gnu": {
      "version": "13.4.2",
      "resolved": "https://registry.npmjs.org/@next/swc-linux-x64-gnu/-/swc-linux-x64-gnu-13.4.2.tgz",
      "integrity": "sha512-NpCa+UVhhuNeaFVUP1Bftm0uqtvLWq2JTm7+Ta48+2Uqj2mNXrDIvyn1DY/ZEfmW/1yvGBRaUAv9zkMkMRixQA==",
      "cpu": [
        "x64"
      ],
      "optional": true,
      "os": [
        "linux"
      ],
      "engines": {
        "node": ">= 10"
      }
    },
    "node_modules/@next/swc-linux-x64-musl": {
      "version": "13.4.2",
      "resolved": "https://registry.npmjs.org/@next/swc-linux-x64-musl/-/swc-linux-x64-musl-13.4.2.tgz",
      "integrity": "sha512-ZWVC72x0lW4aj44e3khvBrj2oSYj1bD0jESmyah3zG/3DplEy/FOtYkMzbMjHTdDSheso7zH8GIlW6CDQnKhmQ==",
      "cpu": [
        "x64"
      ],
      "optional": true,
      "os": [
        "linux"
      ],
      "engines": {
        "node": ">= 10"
      }
    },
    "node_modules/@next/swc-win32-arm64-msvc": {
      "version": "13.4.2",
      "resolved": "https://registry.npmjs.org/@next/swc-win32-arm64-msvc/-/swc-win32-arm64-msvc-13.4.2.tgz",
      "integrity": "sha512-pLT+OWYpzJig5K4VKhLttlIfBcVZfr2+Xbjra0Tjs83NQSkFS+y7xx+YhCwvpEmXYLIvaggj2ONPyjbiigOvHQ==",
      "cpu": [
        "arm64"
      ],
      "optional": true,
      "os": [
        "win32"
      ],
      "engines": {
        "node": ">= 10"
      }
    },
    "node_modules/@next/swc-win32-ia32-msvc": {
      "version": "13.4.2",
      "resolved": "https://registry.npmjs.org/@next/swc-win32-ia32-msvc/-/swc-win32-ia32-msvc-13.4.2.tgz",
      "integrity": "sha512-dhpiksQCyGca4WY0fJyzK3FxMDFoqMb0Cn+uDB+9GYjpU2K5//UGPQlCwiK4JHxuhg8oLMag5Nf3/IPSJNG8jw==",
      "cpu": [
        "ia32"
      ],
      "optional": true,
      "os": [
        "win32"
      ],
      "engines": {
        "node": ">= 10"
      }
    },
    "node_modules/@next/swc-win32-x64-msvc": {
      "version": "13.4.2",
      "resolved": "https://registry.npmjs.org/@next/swc-win32-x64-msvc/-/swc-win32-x64-msvc-13.4.2.tgz",
      "integrity": "sha512-O7bort1Vld00cu8g0jHZq3cbSTUNMohOEvYqsqE10+yfohhdPHzvzO+ziJRz4Dyyr/fYKREwS7gR4JC0soSOMw==",
      "cpu": [
        "x64"
      ],
      "optional": true,
      "os": [
        "win32"
      ],
      "engines": {
        "node": ">= 10"
      }
    },
    "node_modules/@react-spring/animated": {
      "version": "9.7.2",
      "resolved": "https://registry.npmjs.org/@react-spring/animated/-/animated-9.7.2.tgz",
      "integrity": "sha512-ipvleJ99ipqlnHkz5qhSsgf/ny5aW0ZG8Q+/2Oj9cI7LCc7COdnrSO6V/v8MAX3JOoQNzfz6dye2s5Pt5jGaIA==",
      "dependencies": {
        "@react-spring/shared": "~9.7.2",
        "@react-spring/types": "~9.7.2"
      },
      "peerDependencies": {
        "react": "^16.8.0 || ^17.0.0 || ^18.0.0"
      }
    },
    "node_modules/@react-spring/core": {
      "version": "9.7.2",
      "resolved": "https://registry.npmjs.org/@react-spring/core/-/core-9.7.2.tgz",
      "integrity": "sha512-fF512edZT/gKVCA90ZRxfw1DmELeVwiL4OC2J6bMUlNr707C0h4QRoec6DjzG27uLX2MvS1CEatf9KRjwZR9/w==",
      "dependencies": {
        "@react-spring/animated": "~9.7.2",
        "@react-spring/rafz": "~9.7.2",
        "@react-spring/shared": "~9.7.2",
        "@react-spring/types": "~9.7.2"
      },
      "funding": {
        "type": "opencollective",
        "url": "https://opencollective.com/react-spring/donate"
      },
      "peerDependencies": {
        "react": "^16.8.0 || ^17.0.0 || ^18.0.0"
      }
    },
    "node_modules/@react-spring/konva": {
      "version": "9.7.2",
      "resolved": "https://registry.npmjs.org/@react-spring/konva/-/konva-9.7.2.tgz",
      "integrity": "sha512-xMA0XkIyv02euso8BGlLA4iXVJ76p6WCjABMTjdvcp//KvIub596vLwoLzmqHYjqRhH7BP4UQKxzhHvM7AylQA==",
      "dependencies": {
        "@react-spring/animated": "~9.7.2",
        "@react-spring/core": "~9.7.2",
        "@react-spring/shared": "~9.7.2",
        "@react-spring/types": "~9.7.2"
      },
      "peerDependencies": {
        "konva": ">=2.6",
        "react": "^16.8.0 || ^17.0.0 || ^18.0.0",
        "react-konva": "^16.8.0 || ^16.8.7-0 || ^16.9.0-0 || ^16.10.1-0 || ^16.12.0-0 || ^16.13.0-0 || ^17.0.0-0 || ^17.0.1-0 || ^17.0.2-0 || ^18.0.0-0"
      }
    },
    "node_modules/@react-spring/native": {
      "version": "9.7.2",
      "resolved": "https://registry.npmjs.org/@react-spring/native/-/native-9.7.2.tgz",
      "integrity": "sha512-Ltq/F+4jY7aqHW1/f1xUb+e3XGbVxnllXfDYU+3nXi4sa7O+du755hpNbCHJ5ZgtkQYFKtQ7I+InTY+CDXPYfw==",
      "dependencies": {
        "@react-spring/animated": "~9.7.2",
        "@react-spring/core": "~9.7.2",
        "@react-spring/shared": "~9.7.2",
        "@react-spring/types": "~9.7.2"
      },
      "peerDependencies": {
        "react": "^16.8.0  || >=17.0.0 || >=18.0.0",
        "react-native": ">=0.58"
      }
    },
    "node_modules/@react-spring/rafz": {
      "version": "9.7.2",
      "resolved": "https://registry.npmjs.org/@react-spring/rafz/-/rafz-9.7.2.tgz",
      "integrity": "sha512-kDWMYDQto3+flkrX3vy6DU/l9pxQ4TVW91DglQEc11iDc7shF4+WVDRJvOVLX+xoMP7zyag1dMvlIgvQ+dvA/A=="
    },
    "node_modules/@react-spring/shared": {
      "version": "9.7.2",
      "resolved": "https://registry.npmjs.org/@react-spring/shared/-/shared-9.7.2.tgz",
      "integrity": "sha512-6U9qkno+9DxlH5nSltnPs+kU6tYKf0bPLURX2te13aGel8YqgcpFYp5Av8DcN2x3sukinAsmzHUS/FRsdZMMBA==",
      "dependencies": {
        "@react-spring/rafz": "~9.7.2",
        "@react-spring/types": "~9.7.2"
      },
      "peerDependencies": {
        "react": "^16.8.0 || ^17.0.0 || ^18.0.0"
      }
    },
    "node_modules/@react-spring/three": {
      "version": "9.7.2",
      "resolved": "https://registry.npmjs.org/@react-spring/three/-/three-9.7.2.tgz",
      "integrity": "sha512-u7VAjc+az82PM+WOC2sTbZQLBixuN+0jX/oahzyjEnIds5eUJgaBqZRYAAEMupuzGGl8H3QqL3bFgBEQLq6ADQ==",
      "dependencies": {
        "@react-spring/animated": "~9.7.2",
        "@react-spring/core": "~9.7.2",
        "@react-spring/shared": "~9.7.2",
        "@react-spring/types": "~9.7.2"
      },
      "peerDependencies": {
        "@react-three/fiber": ">=6.0",
        "react": "^16.8.0 || ^17.0.0 || ^18.0.0",
        "three": ">=0.126"
      }
    },
    "node_modules/@react-spring/types": {
      "version": "9.7.2",
      "resolved": "https://registry.npmjs.org/@react-spring/types/-/types-9.7.2.tgz",
      "integrity": "sha512-GEflx2Ex/TKVMHq5g5MxQDNNPNhqg+4Db9m7+vGTm8ttZiyga7YQUF24shgRNebKIjahqCuei16SZga8h1pe4g=="
    },
    "node_modules/@react-spring/web": {
      "version": "9.7.2",
      "resolved": "https://registry.npmjs.org/@react-spring/web/-/web-9.7.2.tgz",
      "integrity": "sha512-7qNc7/5KShu2D05x7o2Ols2nUE7mCKfKLaY2Ix70xPMfTle1sZisoQMBFgV9w/fSLZlHZHV9P0uWJqEXQnbV4Q==",
      "dependencies": {
        "@react-spring/animated": "~9.7.2",
        "@react-spring/core": "~9.7.2",
        "@react-spring/shared": "~9.7.2",
        "@react-spring/types": "~9.7.2"
      },
      "peerDependencies": {
        "react": "^16.8.0 || ^17.0.0 || ^18.0.0",
        "react-dom": "^16.8.0 || ^17.0.0 || ^18.0.0"
      }
    },
    "node_modules/@react-spring/zdog": {
      "version": "9.7.2",
      "resolved": "https://registry.npmjs.org/@react-spring/zdog/-/zdog-9.7.2.tgz",
      "integrity": "sha512-6z2qqhmbpoZrw1oThyn4zfejtLkuadsaZFVMFf/5l5cHTEdRC8HZsBRLo+Wiomkprg/F1hyhcXI5X1lJ+T/zdQ==",
      "dependencies": {
        "@react-spring/animated": "~9.7.2",
        "@react-spring/core": "~9.7.2",
        "@react-spring/shared": "~9.7.2",
        "@react-spring/types": "~9.7.2"
      },
      "peerDependencies": {
        "react": "^16.8.0 || ^17.0.0 || ^18.0.0",
        "react-dom": "^16.8.0 || ^17.0.0 || ^18.0.0",
        "react-zdog": ">=1.0",
        "zdog": ">=1.0"
      }
    },
    "node_modules/@swc/helpers": {
      "version": "0.5.1",
      "resolved": "https://registry.npmjs.org/@swc/helpers/-/helpers-0.5.1.tgz",
      "integrity": "sha512-sJ902EfIzn1Fa+qYmjdQqh8tPsoxyBz+8yBKC2HKUxyezKJFwPGOn7pv4WY6QuQW//ySQi5lJjA/ZT9sNWWNTg==",
      "dependencies": {
        "tslib": "^2.4.0"
      }
    },
    "node_modules/@types/node": {
      "version": "20.1.3",
      "resolved": "https://registry.npmjs.org/@types/node/-/node-20.1.3.tgz",
      "integrity": "sha512-NP2yfZpgmf2eDRPmgGq+fjGjSwFgYbihA8/gK+ey23qT9RkxsgNTZvGOEpXgzIGqesTYkElELLgtKoMQTys5vA=="
    },
    "node_modules/@types/prop-types": {
      "version": "15.7.5",
      "resolved": "https://registry.npmjs.org/@types/prop-types/-/prop-types-15.7.5.tgz",
      "integrity": "sha512-JCB8C6SnDoQf0cNycqd/35A7MjcnK+ZTqE7judS6o7utxUCg6imJg3QK2qzHKszlTjcj2cn+NwMB2i96ubpj7w=="
    },
    "node_modules/@types/react": {
      "version": "18.2.6",
      "resolved": "https://registry.npmjs.org/@types/react/-/react-18.2.6.tgz",
      "integrity": "sha512-wRZClXn//zxCFW+ye/D2qY65UsYP1Fpex2YXorHc8awoNamkMZSvBxwxdYVInsHOZZd2Ppq8isnSzJL5Mpf8OA==",
      "dependencies": {
        "@types/prop-types": "*",
        "@types/scheduler": "*",
        "csstype": "^3.0.2"
      }
    },
    "node_modules/@types/react-dom": {
      "version": "18.2.4",
      "resolved": "https://registry.npmjs.org/@types/react-dom/-/react-dom-18.2.4.tgz",
      "integrity": "sha512-G2mHoTMTL4yoydITgOGwWdWMVd8sNgyEP85xVmMKAPUBwQWm9wBPQUmvbeF4V3WBY1P7mmL4BkjQ0SqUpf1snw==",
      "dependencies": {
        "@types/react": "*"
      }
    },
    "node_modules/@types/scheduler": {
      "version": "0.16.3",
      "resolved": "https://registry.npmjs.org/@types/scheduler/-/scheduler-0.16.3.tgz",
      "integrity": "sha512-5cJ8CB4yAx7BH1oMvdU0Jh9lrEXyPkar6F9G/ERswkCuvP4KQZfZkSjcMbAICCpQTN4OuZn8tz0HiKv9TGZgrQ=="
    },
    "node_modules/busboy": {
      "version": "1.6.0",
      "resolved": "https://registry.npmjs.org/busboy/-/busboy-1.6.0.tgz",
      "integrity": "sha512-8SFQbg/0hQ9xy3UNTB0YEnsNBbWfhf7RtnzpL7TkBiTBRfrQ9Fxcnz7VJsleJpyp6rVLvXiuORqjlHi5q+PYuA==",
      "dependencies": {
        "streamsearch": "^1.1.0"
      },
      "engines": {
        "node": ">=10.16.0"
      }
    },
    "node_modules/caniuse-lite": {
      "version": "1.0.30001486",
      "resolved": "https://registry.npmjs.org/caniuse-lite/-/caniuse-lite-1.0.30001486.tgz",
      "integrity": "sha512-uv7/gXuHi10Whlj0pp5q/tsK/32J2QSqVRKQhs2j8VsDCjgyruAh/eEXHF822VqO9yT6iZKw3nRwZRSPBE9OQg==",
      "funding": [
        {
          "type": "opencollective",
          "url": "https://opencollective.com/browserslist"
        },
        {
          "type": "tidelift",
          "url": "https://tidelift.com/funding/github/npm/caniuse-lite"
        },
        {
          "type": "github",
          "url": "https://github.com/sponsors/ai"
        }
      ]
    },
    "node_modules/client-only": {
      "version": "0.0.1",
      "resolved": "https://registry.npmjs.org/client-only/-/client-only-0.0.1.tgz",
      "integrity": "sha512-IV3Ou0jSMzZrd3pZ48nLkT9DA7Ag1pnPzaiQhpW7c3RbcqqzvzzVu+L8gfqMp/8IM2MQtSiqaCxrrcfu8I8rMA=="
    },
    "node_modules/csstype": {
      "version": "3.1.2",
      "resolved": "https://registry.npmjs.org/csstype/-/csstype-3.1.2.tgz",
      "integrity": "sha512-I7K1Uu0MBPzaFKg4nI5Q7Vs2t+3gWWW648spaF+Rg7pI9ds18Ugn+lvg4SHczUdKlHI5LWBXyqfS8+DufyBsgQ=="
    },
    "node_modules/js-tokens": {
      "version": "4.0.0",
      "resolved": "https://registry.npmjs.org/js-tokens/-/js-tokens-4.0.0.tgz",
      "integrity": "sha512-RdJUflcE3cUzKiMqQgsCu06FPu9UdIJO0beYbPhHN4k6apgJtifcoCtT9bcxOpYBtpD2kCM6Sbzg4CausW/PKQ=="
    },
    "node_modules/loose-envify": {
      "version": "1.4.0",
      "resolved": "https://registry.npmjs.org/loose-envify/-/loose-envify-1.4.0.tgz",
      "integrity": "sha512-lyuxPGr/Wfhrlem2CL/UcnUc1zcqKAImBDzukY7Y5F/yQiNdko6+fRLevlw1HgMySw7f611UIY408EtxRSoK3Q==",
      "dependencies": {
        "js-tokens": "^3.0.0 || ^4.0.0"
      },
      "bin": {
        "loose-envify": "cli.js"
      }
    },
    "node_modules/nanoid": {
      "version": "3.3.6",
      "resolved": "https://registry.npmjs.org/nanoid/-/nanoid-3.3.6.tgz",
      "integrity": "sha512-BGcqMMJuToF7i1rt+2PWSNVnWIkGCU78jBG3RxO/bZlnZPK2Cmi2QaffxGO/2RvWi9sL+FAiRiXMgsyxQ1DIDA==",
      "funding": [
        {
          "type": "github",
          "url": "https://github.com/sponsors/ai"
        }
      ],
      "bin": {
        "nanoid": "bin/nanoid.cjs"
      },
      "engines": {
        "node": "^10 || ^12 || ^13.7 || ^14 || >=15.0.1"
      }
    },
    "node_modules/next": {
      "version": "13.4.2",
      "resolved": "https://registry.npmjs.org/next/-/next-13.4.2.tgz",
      "integrity": "sha512-aNFqLs3a3nTGvLWlO9SUhCuMUHVPSFQC0+tDNGAsDXqx+WJDFSbvc233gOJ5H19SBc7nw36A9LwQepOJ2u/8Kg==",
      "dependencies": {
        "@next/env": "13.4.2",
        "@swc/helpers": "0.5.1",
        "busboy": "1.6.0",
        "caniuse-lite": "^1.0.30001406",
        "postcss": "8.4.14",
        "styled-jsx": "5.1.1",
        "zod": "3.21.4"
      },
      "bin": {
        "next": "dist/bin/next"
      },
      "engines": {
        "node": ">=16.8.0"
      },
      "optionalDependencies": {
        "@next/swc-darwin-arm64": "13.4.2",
        "@next/swc-darwin-x64": "13.4.2",
        "@next/swc-linux-arm64-gnu": "13.4.2",
        "@next/swc-linux-arm64-musl": "13.4.2",
        "@next/swc-linux-x64-gnu": "13.4.2",
        "@next/swc-linux-x64-musl": "13.4.2",
        "@next/swc-win32-arm64-msvc": "13.4.2",
        "@next/swc-win32-ia32-msvc": "13.4.2",
        "@next/swc-win32-x64-msvc": "13.4.2"
      },
      "peerDependencies": {
        "@opentelemetry/api": "^1.1.0",
        "fibers": ">= 3.1.0",
        "node-sass": "^6.0.0 || ^7.0.0",
        "react": "^18.2.0",
        "react-dom": "^18.2.0",
        "sass": "^1.3.0"
      },
      "peerDependenciesMeta": {
        "@opentelemetry/api": {
          "optional": true
        },
        "fibers": {
          "optional": true
        },
        "node-sass": {
          "optional": true
        },
        "sass": {
          "optional": true
        }
      }
    },
    "node_modules/picocolors": {
      "version": "1.0.0",
      "resolved": "https://registry.npmjs.org/picocolors/-/picocolors-1.0.0.tgz",
      "integrity": "sha512-1fygroTLlHu66zi26VoTDv8yRgm0Fccecssto+MhsZ0D/DGW2sm8E8AjW7NU5VVTRt5GxbeZ5qBuJr+HyLYkjQ=="
    },
    "node_modules/postcss": {
      "version": "8.4.14",
      "resolved": "https://registry.npmjs.org/postcss/-/postcss-8.4.14.tgz",
      "integrity": "sha512-E398TUmfAYFPBSdzgeieK2Y1+1cpdxJx8yXbK/m57nRhKSmk1GB2tO4lbLBtlkfPQTDKfe4Xqv1ASWPpayPEig==",
      "funding": [
        {
          "type": "opencollective",
          "url": "https://opencollective.com/postcss/"
        },
        {
          "type": "tidelift",
          "url": "https://tidelift.com/funding/github/npm/postcss"
        }
      ],
      "dependencies": {
        "nanoid": "^3.3.4",
        "picocolors": "^1.0.0",
        "source-map-js": "^1.0.2"
      },
      "engines": {
        "node": "^10 || ^12 || >=14"
      }
    },
    "node_modules/react": {
      "version": "18.2.0",
      "resolved": "https://registry.npmjs.org/react/-/react-18.2.0.tgz",
      "integrity": "sha512-/3IjMdb2L9QbBdWiW5e3P2/npwMBaU9mHCSCUzNln0ZCYbcfTsGbTJrU/kGemdH2IWmB2ioZ+zkxtmq6g09fGQ==",
      "dependencies": {
        "loose-envify": "^1.1.0"
      },
      "engines": {
        "node": ">=0.10.0"
      }
    },
    "node_modules/react-dom": {
      "version": "18.2.0",
      "resolved": "https://registry.npmjs.org/react-dom/-/react-dom-18.2.0.tgz",
      "integrity": "sha512-6IMTriUmvsjHUjNtEDudZfuDQUoWXVxKHhlEGSk81n4YFS+r/Kl99wXiwlVXtPBtJenozv2P+hxDsw9eA7Xo6g==",
      "dependencies": {
        "loose-envify": "^1.1.0",
        "scheduler": "^0.23.0"
      },
      "peerDependencies": {
        "react": "^18.2.0"
      }
    },
    "node_modules/react-icons": {
      "version": "4.8.0",
      "resolved": "https://registry.npmjs.org/react-icons/-/react-icons-4.8.0.tgz",
      "integrity": "sha512-N6+kOLcihDiAnj5Czu637waJqSnwlMNROzVZMhfX68V/9bu9qHaMIJC4UdozWoOk57gahFCNHwVvWzm0MTzRjg==",
      "peerDependencies": {
        "react": "*"
      }
    },
    "node_modules/react-parallax-mouse": {
      "version": "2.0.1",
      "resolved": "https://registry.npmjs.org/react-parallax-mouse/-/react-parallax-mouse-2.0.1.tgz",
      "integrity": "sha512-Z8DHFT4ldpBJO69s6AoFehnRtGekC4515mAefM4yOyClyc6Qd0U4DKD5sUbL+qhgb3IE0Y3N7s5smGimOutc8g==",
      "dependencies": {
        "react-spring": "^9.5.5"
      },
      "peerDependencies": {
        "@types/react": ">=16.8.0",
        "react": ">=16.8.0",
        "react-dom": ">=16.8.0"
      }
    },
    "node_modules/react-spring": {
      "version": "9.7.1",
      "resolved": "https://registry.npmjs.org/react-spring/-/react-spring-9.7.1.tgz",
      "integrity": "sha512-o2+r2DNQDVEuefiz33ZF76DPd/gLq3kbdObJmllGF2IUfv2W6x+ZP0gR97QYCSR4QLbmOl1mPKUBbI+FJdys2Q==",
      "dependencies": {
        "@react-spring/core": "~9.7.1",
        "@react-spring/konva": "~9.7.1",
        "@react-spring/native": "~9.7.1",
        "@react-spring/three": "~9.7.1",
        "@react-spring/web": "~9.7.1",
        "@react-spring/zdog": "~9.7.1"
      },
      "peerDependencies": {
        "react": "^16.8.0 || ^17.0.0 || ^18.0.0",
        "react-dom": "^16.8.0 || ^17.0.0 || ^18.0.0"
      }
    },
    "node_modules/scheduler": {
      "version": "0.23.0",
      "resolved": "https://registry.npmjs.org/scheduler/-/scheduler-0.23.0.tgz",
      "integrity": "sha512-CtuThmgHNg7zIZWAXi3AsyIzA3n4xx7aNyjwC2VJldO2LMVDhFK+63xGqq6CsJH4rTAt6/M+N4GhZiDYPx9eUw==",
      "dependencies": {
        "loose-envify": "^1.1.0"
      }
    },
    "node_modules/source-map-js": {
      "version": "1.0.2",
      "resolved": "https://registry.npmjs.org/source-map-js/-/source-map-js-1.0.2.tgz",
      "integrity": "sha512-R0XvVJ9WusLiqTCEiGCmICCMplcCkIwwR11mOSD9CR5u+IXYdiseeEuXCVAjS54zqwkLcPNnmU4OeJ6tUrWhDw==",
      "engines": {
        "node": ">=0.10.0"
      }
    },
    "node_modules/streamsearch": {
      "version": "1.1.0",
      "resolved": "https://registry.npmjs.org/streamsearch/-/streamsearch-1.1.0.tgz",
      "integrity": "sha512-Mcc5wHehp9aXz1ax6bZUyY5afg9u2rv5cqQI3mRrYkGC8rW2hM02jWuwjtL++LS5qinSyhj2QfLyNsuc+VsExg==",
      "engines": {
        "node": ">=10.0.0"
      }
    },
    "node_modules/styled-jsx": {
      "version": "5.1.1",
      "resolved": "https://registry.npmjs.org/styled-jsx/-/styled-jsx-5.1.1.tgz",
      "integrity": "sha512-pW7uC1l4mBZ8ugbiZrcIsiIvVx1UmTfw7UkC3Um2tmfUq9Bhk8IiyEIPl6F8agHgjzku6j0xQEZbfA5uSgSaCw==",
      "dependencies": {
        "client-only": "0.0.1"
      },
      "engines": {
        "node": ">= 12.0.0"
      },
      "peerDependencies": {
        "react": ">= 16.8.0 || 17.x.x || ^18.0.0-0"
      },
      "peerDependenciesMeta": {
        "@babel/core": {
          "optional": true
        },
        "babel-plugin-macros": {
          "optional": true
        }
      }
    },
    "node_modules/tslib": {
      "version": "2.5.0",
      "resolved": "https://registry.npmjs.org/tslib/-/tslib-2.5.0.tgz",
      "integrity": "sha512-336iVw3rtn2BUK7ORdIAHTyxHGRIHVReokCR3XjbckJMK7ms8FysBfhLR8IXnAgy7T0PTPNBWKiH514FOW/WSg=="
    },
    "node_modules/typescript": {
      "version": "5.0.4",
      "resolved": "https://registry.npmjs.org/typescript/-/typescript-5.0.4.tgz",
      "integrity": "sha512-cW9T5W9xY37cc+jfEnaUvX91foxtHkza3Nw3wkoF4sSlKn0MONdkdEndig/qPBWXNkmplh3NzayQzCiHM4/hqw==",
      "bin": {
        "tsc": "bin/tsc",
        "tsserver": "bin/tsserver"
      },
      "engines": {
        "node": ">=12.20"
      }
    },
    "node_modules/zod": {
      "version": "3.21.4",
      "resolved": "https://registry.npmjs.org/zod/-/zod-3.21.4.tgz",
      "integrity": "sha512-m46AKbrzKVzOzs/DZgVnG5H55N1sv1M8qZU3A8RIKbs3mrACDNeIOeilDymVb2HdmP8uwshOCF4uJ8uM9rCqJw==",
      "funding": {
        "url": "https://github.com/sponsors/colinhacks"
      }
    }
  },
  "dependencies": {
    "@next/env": {
      "version": "13.4.2",
      "resolved": "https://registry.npmjs.org/@next/env/-/env-13.4.2.tgz",
      "integrity": "sha512-Wqvo7lDeS0KGwtwg9TT9wKQ8raelmUxt+TQKWvG/xKfcmDXNOtCuaszcfCF8JzlBG1q0VhpI6CKaRMbVPMDWgw=="
    },
    "@next/font": {
      "version": "13.4.2",
      "resolved": "https://registry.npmjs.org/@next/font/-/font-13.4.2.tgz",
      "integrity": "sha512-II7hThMnn7Hf2xCGBB8DLD+QLScZVCNr6775l/aQVqeN3x89Yw/r3l5UHZ7PSOfQAMxoYuwm8t/wW0I/yYd/GQ=="
    },
    "@next/swc-darwin-arm64": {
      "version": "13.4.2",
      "resolved": "https://registry.npmjs.org/@next/swc-darwin-arm64/-/swc-darwin-arm64-13.4.2.tgz",
      "integrity": "sha512-6BBlqGu3ewgJflv9iLCwO1v1hqlecaIH2AotpKfVUEzUxuuDNJQZ2a4KLb4MBl8T9/vca1YuWhSqtbF6ZuUJJw==",
      "optional": true
    },
    "@next/swc-darwin-x64": {
      "version": "13.4.2",
      "resolved": "https://registry.npmjs.org/@next/swc-darwin-x64/-/swc-darwin-x64-13.4.2.tgz",
      "integrity": "sha512-iZuYr7ZvGLPjPmfhhMl0ISm+z8EiyLBC1bLyFwGBxkWmPXqdJ60mzuTaDSr5WezDwv0fz32HB7JHmRC6JVHSZg==",
      "optional": true
    },
    "@next/swc-linux-arm64-gnu": {
      "version": "13.4.2",
      "resolved": "https://registry.npmjs.org/@next/swc-linux-arm64-gnu/-/swc-linux-arm64-gnu-13.4.2.tgz",
      "integrity": "sha512-2xVabFtIge6BJTcJrW8YuUnYTuQjh4jEuRuS2mscyNVOj6zUZkom3CQg+egKOoS+zh2rrro66ffSKIS+ztFJTg==",
      "optional": true
    },
    "@next/swc-linux-arm64-musl": {
      "version": "13.4.2",
      "resolved": "https://registry.npmjs.org/@next/swc-linux-arm64-musl/-/swc-linux-arm64-musl-13.4.2.tgz",
      "integrity": "sha512-wKRCQ27xCUJx5d6IivfjYGq8oVngqIhlhSAJntgXLt7Uo9sRT/3EppMHqUZRfyuNBTbykEre1s5166z+pvRB5A==",
      "optional": true
    },
    "@next/swc-linux-x64-gnu": {
      "version": "13.4.2",
      "resolved": "https://registry.npmjs.org/@next/swc-linux-x64-gnu/-/swc-linux-x64-gnu-13.4.2.tgz",
      "integrity": "sha512-NpCa+UVhhuNeaFVUP1Bftm0uqtvLWq2JTm7+Ta48+2Uqj2mNXrDIvyn1DY/ZEfmW/1yvGBRaUAv9zkMkMRixQA==",
      "optional": true
    },
    "@next/swc-linux-x64-musl": {
      "version": "13.4.2",
      "resolved": "https://registry.npmjs.org/@next/swc-linux-x64-musl/-/swc-linux-x64-musl-13.4.2.tgz",
      "integrity": "sha512-ZWVC72x0lW4aj44e3khvBrj2oSYj1bD0jESmyah3zG/3DplEy/FOtYkMzbMjHTdDSheso7zH8GIlW6CDQnKhmQ==",
      "optional": true
    },
    "@next/swc-win32-arm64-msvc": {
      "version": "13.4.2",
      "resolved": "https://registry.npmjs.org/@next/swc-win32-arm64-msvc/-/swc-win32-arm64-msvc-13.4.2.tgz",
      "integrity": "sha512-pLT+OWYpzJig5K4VKhLttlIfBcVZfr2+Xbjra0Tjs83NQSkFS+y7xx+YhCwvpEmXYLIvaggj2ONPyjbiigOvHQ==",
      "optional": true
    },
    "@next/swc-win32-ia32-msvc": {
      "version": "13.4.2",
      "resolved": "https://registry.npmjs.org/@next/swc-win32-ia32-msvc/-/swc-win32-ia32-msvc-13.4.2.tgz",
      "integrity": "sha512-dhpiksQCyGca4WY0fJyzK3FxMDFoqMb0Cn+uDB+9GYjpU2K5//UGPQlCwiK4JHxuhg8oLMag5Nf3/IPSJNG8jw==",
      "optional": true
    },
    "@next/swc-win32-x64-msvc": {
      "version": "13.4.2",
      "resolved": "https://registry.npmjs.org/@next/swc-win32-x64-msvc/-/swc-win32-x64-msvc-13.4.2.tgz",
      "integrity": "sha512-O7bort1Vld00cu8g0jHZq3cbSTUNMohOEvYqsqE10+yfohhdPHzvzO+ziJRz4Dyyr/fYKREwS7gR4JC0soSOMw==",
      "optional": true
    },
    "@react-spring/animated": {
      "version": "9.7.2",
      "resolved": "https://registry.npmjs.org/@react-spring/animated/-/animated-9.7.2.tgz",
      "integrity": "sha512-ipvleJ99ipqlnHkz5qhSsgf/ny5aW0ZG8Q+/2Oj9cI7LCc7COdnrSO6V/v8MAX3JOoQNzfz6dye2s5Pt5jGaIA==",
      "requires": {
        "@react-spring/shared": "~9.7.2",
        "@react-spring/types": "~9.7.2"
      }
    },
    "@react-spring/core": {
      "version": "9.7.2",
      "resolved": "https://registry.npmjs.org/@react-spring/core/-/core-9.7.2.tgz",
      "integrity": "sha512-fF512edZT/gKVCA90ZRxfw1DmELeVwiL4OC2J6bMUlNr707C0h4QRoec6DjzG27uLX2MvS1CEatf9KRjwZR9/w==",
      "requires": {
        "@react-spring/animated": "~9.7.2",
        "@react-spring/rafz": "~9.7.2",
        "@react-spring/shared": "~9.7.2",
        "@react-spring/types": "~9.7.2"
      }
    },
    "@react-spring/konva": {
      "version": "9.7.2",
      "resolved": "https://registry.npmjs.org/@react-spring/konva/-/konva-9.7.2.tgz",
      "integrity": "sha512-xMA0XkIyv02euso8BGlLA4iXVJ76p6WCjABMTjdvcp//KvIub596vLwoLzmqHYjqRhH7BP4UQKxzhHvM7AylQA==",
      "requires": {
        "@react-spring/animated": "~9.7.2",
        "@react-spring/core": "~9.7.2",
        "@react-spring/shared": "~9.7.2",
        "@react-spring/types": "~9.7.2"
      }
    },
    "@react-spring/native": {
      "version": "9.7.2",
      "resolved": "https://registry.npmjs.org/@react-spring/native/-/native-9.7.2.tgz",
      "integrity": "sha512-Ltq/F+4jY7aqHW1/f1xUb+e3XGbVxnllXfDYU+3nXi4sa7O+du755hpNbCHJ5ZgtkQYFKtQ7I+InTY+CDXPYfw==",
      "requires": {
        "@react-spring/animated": "~9.7.2",
        "@react-spring/core": "~9.7.2",
        "@react-spring/shared": "~9.7.2",
        "@react-spring/types": "~9.7.2"
      }
    },
    "@react-spring/rafz": {
      "version": "9.7.2",
      "resolved": "https://registry.npmjs.org/@react-spring/rafz/-/rafz-9.7.2.tgz",
      "integrity": "sha512-kDWMYDQto3+flkrX3vy6DU/l9pxQ4TVW91DglQEc11iDc7shF4+WVDRJvOVLX+xoMP7zyag1dMvlIgvQ+dvA/A=="
    },
    "@react-spring/shared": {
      "version": "9.7.2",
      "resolved": "https://registry.npmjs.org/@react-spring/shared/-/shared-9.7.2.tgz",
      "integrity": "sha512-6U9qkno+9DxlH5nSltnPs+kU6tYKf0bPLURX2te13aGel8YqgcpFYp5Av8DcN2x3sukinAsmzHUS/FRsdZMMBA==",
      "requires": {
        "@react-spring/rafz": "~9.7.2",
        "@react-spring/types": "~9.7.2"
      }
    },
    "@react-spring/three": {
      "version": "9.7.2",
      "resolved": "https://registry.npmjs.org/@react-spring/three/-/three-9.7.2.tgz",
      "integrity": "sha512-u7VAjc+az82PM+WOC2sTbZQLBixuN+0jX/oahzyjEnIds5eUJgaBqZRYAAEMupuzGGl8H3QqL3bFgBEQLq6ADQ==",
      "requires": {
        "@react-spring/animated": "~9.7.2",
        "@react-spring/core": "~9.7.2",
        "@react-spring/shared": "~9.7.2",
        "@react-spring/types": "~9.7.2"
      }
    },
    "@react-spring/types": {
      "version": "9.7.2",
      "resolved": "https://registry.npmjs.org/@react-spring/types/-/types-9.7.2.tgz",
      "integrity": "sha512-GEflx2Ex/TKVMHq5g5MxQDNNPNhqg+4Db9m7+vGTm8ttZiyga7YQUF24shgRNebKIjahqCuei16SZga8h1pe4g=="
    },
    "@react-spring/web": {
      "version": "9.7.2",
      "resolved": "https://registry.npmjs.org/@react-spring/web/-/web-9.7.2.tgz",
      "integrity": "sha512-7qNc7/5KShu2D05x7o2Ols2nUE7mCKfKLaY2Ix70xPMfTle1sZisoQMBFgV9w/fSLZlHZHV9P0uWJqEXQnbV4Q==",
      "requires": {
        "@react-spring/animated": "~9.7.2",
        "@react-spring/core": "~9.7.2",
        "@react-spring/shared": "~9.7.2",
        "@react-spring/types": "~9.7.2"
      }
    },
    "@react-spring/zdog": {
      "version": "9.7.2",
      "resolved": "https://registry.npmjs.org/@react-spring/zdog/-/zdog-9.7.2.tgz",
      "integrity": "sha512-6z2qqhmbpoZrw1oThyn4zfejtLkuadsaZFVMFf/5l5cHTEdRC8HZsBRLo+Wiomkprg/F1hyhcXI5X1lJ+T/zdQ==",
      "requires": {
        "@react-spring/animated": "~9.7.2",
        "@react-spring/core": "~9.7.2",
        "@react-spring/shared": "~9.7.2",
        "@react-spring/types": "~9.7.2"
      }
    },
    "@swc/helpers": {
      "version": "0.5.1",
      "resolved": "https://registry.npmjs.org/@swc/helpers/-/helpers-0.5.1.tgz",
      "integrity": "sha512-sJ902EfIzn1Fa+qYmjdQqh8tPsoxyBz+8yBKC2HKUxyezKJFwPGOn7pv4WY6QuQW//ySQi5lJjA/ZT9sNWWNTg==",
      "requires": {
        "tslib": "^2.4.0"
      }
    },
    "@types/node": {
      "version": "20.1.3",
      "resolved": "https://registry.npmjs.org/@types/node/-/node-20.1.3.tgz",
      "integrity": "sha512-NP2yfZpgmf2eDRPmgGq+fjGjSwFgYbihA8/gK+ey23qT9RkxsgNTZvGOEpXgzIGqesTYkElELLgtKoMQTys5vA=="
    },
    "@types/prop-types": {
      "version": "15.7.5",
      "resolved": "https://registry.npmjs.org/@types/prop-types/-/prop-types-15.7.5.tgz",
      "integrity": "sha512-JCB8C6SnDoQf0cNycqd/35A7MjcnK+ZTqE7judS6o7utxUCg6imJg3QK2qzHKszlTjcj2cn+NwMB2i96ubpj7w=="
    },
    "@types/react": {
      "version": "18.2.6",
      "resolved": "https://registry.npmjs.org/@types/react/-/react-18.2.6.tgz",
      "integrity": "sha512-wRZClXn//zxCFW+ye/D2qY65UsYP1Fpex2YXorHc8awoNamkMZSvBxwxdYVInsHOZZd2Ppq8isnSzJL5Mpf8OA==",
      "requires": {
        "@types/prop-types": "*",
        "@types/scheduler": "*",
        "csstype": "^3.0.2"
      }
    },
    "@types/react-dom": {
      "version": "18.2.4",
      "resolved": "https://registry.npmjs.org/@types/react-dom/-/react-dom-18.2.4.tgz",
      "integrity": "sha512-G2mHoTMTL4yoydITgOGwWdWMVd8sNgyEP85xVmMKAPUBwQWm9wBPQUmvbeF4V3WBY1P7mmL4BkjQ0SqUpf1snw==",
      "requires": {
        "@types/react": "*"
      }
    },
    "@types/scheduler": {
      "version": "0.16.3",
      "resolved": "https://registry.npmjs.org/@types/scheduler/-/scheduler-0.16.3.tgz",
      "integrity": "sha512-5cJ8CB4yAx7BH1oMvdU0Jh9lrEXyPkar6F9G/ERswkCuvP4KQZfZkSjcMbAICCpQTN4OuZn8tz0HiKv9TGZgrQ=="
    },
    "busboy": {
      "version": "1.6.0",
      "resolved": "https://registry.npmjs.org/busboy/-/busboy-1.6.0.tgz",
      "integrity": "sha512-8SFQbg/0hQ9xy3UNTB0YEnsNBbWfhf7RtnzpL7TkBiTBRfrQ9Fxcnz7VJsleJpyp6rVLvXiuORqjlHi5q+PYuA==",
      "requires": {
        "streamsearch": "^1.1.0"
      }
    },
    "caniuse-lite": {
      "version": "1.0.30001486",
      "resolved": "https://registry.npmjs.org/caniuse-lite/-/caniuse-lite-1.0.30001486.tgz",
      "integrity": "sha512-uv7/gXuHi10Whlj0pp5q/tsK/32J2QSqVRKQhs2j8VsDCjgyruAh/eEXHF822VqO9yT6iZKw3nRwZRSPBE9OQg=="
    },
    "client-only": {
      "version": "0.0.1",
      "resolved": "https://registry.npmjs.org/client-only/-/client-only-0.0.1.tgz",
      "integrity": "sha512-IV3Ou0jSMzZrd3pZ48nLkT9DA7Ag1pnPzaiQhpW7c3RbcqqzvzzVu+L8gfqMp/8IM2MQtSiqaCxrrcfu8I8rMA=="
    },
    "csstype": {
      "version": "3.1.2",
      "resolved": "https://registry.npmjs.org/csstype/-/csstype-3.1.2.tgz",
      "integrity": "sha512-I7K1Uu0MBPzaFKg4nI5Q7Vs2t+3gWWW648spaF+Rg7pI9ds18Ugn+lvg4SHczUdKlHI5LWBXyqfS8+DufyBsgQ=="
    },
    "js-tokens": {
      "version": "4.0.0",
      "resolved": "https://registry.npmjs.org/js-tokens/-/js-tokens-4.0.0.tgz",
      "integrity": "sha512-RdJUflcE3cUzKiMqQgsCu06FPu9UdIJO0beYbPhHN4k6apgJtifcoCtT9bcxOpYBtpD2kCM6Sbzg4CausW/PKQ=="
    },
    "loose-envify": {
      "version": "1.4.0",
      "resolved": "https://registry.npmjs.org/loose-envify/-/loose-envify-1.4.0.tgz",
      "integrity": "sha512-lyuxPGr/Wfhrlem2CL/UcnUc1zcqKAImBDzukY7Y5F/yQiNdko6+fRLevlw1HgMySw7f611UIY408EtxRSoK3Q==",
      "requires": {
        "js-tokens": "^3.0.0 || ^4.0.0"
      }
    },
    "nanoid": {
      "version": "3.3.6",
      "resolved": "https://registry.npmjs.org/nanoid/-/nanoid-3.3.6.tgz",
      "integrity": "sha512-BGcqMMJuToF7i1rt+2PWSNVnWIkGCU78jBG3RxO/bZlnZPK2Cmi2QaffxGO/2RvWi9sL+FAiRiXMgsyxQ1DIDA=="
    },
    "next": {
      "version": "13.4.2",
      "resolved": "https://registry.npmjs.org/next/-/next-13.4.2.tgz",
      "integrity": "sha512-aNFqLs3a3nTGvLWlO9SUhCuMUHVPSFQC0+tDNGAsDXqx+WJDFSbvc233gOJ5H19SBc7nw36A9LwQepOJ2u/8Kg==",
      "requires": {
        "@next/env": "13.4.2",
        "@next/swc-darwin-arm64": "13.4.2",
        "@next/swc-darwin-x64": "13.4.2",
        "@next/swc-linux-arm64-gnu": "13.4.2",
        "@next/swc-linux-arm64-musl": "13.4.2",
        "@next/swc-linux-x64-gnu": "13.4.2",
        "@next/swc-linux-x64-musl": "13.4.2",
        "@next/swc-win32-arm64-msvc": "13.4.2",
        "@next/swc-win32-ia32-msvc": "13.4.2",
        "@next/swc-win32-x64-msvc": "13.4.2",
        "@swc/helpers": "0.5.1",
        "busboy": "1.6.0",
        "caniuse-lite": "^1.0.30001406",
        "postcss": "8.4.14",
        "styled-jsx": "5.1.1",
        "zod": "3.21.4"
      }
    },
    "picocolors": {
      "version": "1.0.0",
      "resolved": "https://registry.npmjs.org/picocolors/-/picocolors-1.0.0.tgz",
      "integrity": "sha512-1fygroTLlHu66zi26VoTDv8yRgm0Fccecssto+MhsZ0D/DGW2sm8E8AjW7NU5VVTRt5GxbeZ5qBuJr+HyLYkjQ=="
    },
    "postcss": {
      "version": "8.4.14",
      "resolved": "https://registry.npmjs.org/postcss/-/postcss-8.4.14.tgz",
      "integrity": "sha512-E398TUmfAYFPBSdzgeieK2Y1+1cpdxJx8yXbK/m57nRhKSmk1GB2tO4lbLBtlkfPQTDKfe4Xqv1ASWPpayPEig==",
      "requires": {
        "nanoid": "^3.3.4",
        "picocolors": "^1.0.0",
        "source-map-js": "^1.0.2"
      }
    },
    "react": {
      "version": "18.2.0",
      "resolved": "https://registry.npmjs.org/react/-/react-18.2.0.tgz",
      "integrity": "sha512-/3IjMdb2L9QbBdWiW5e3P2/npwMBaU9mHCSCUzNln0ZCYbcfTsGbTJrU/kGemdH2IWmB2ioZ+zkxtmq6g09fGQ==",
      "requires": {
        "loose-envify": "^1.1.0"
      }
    },
    "react-dom": {
      "version": "18.2.0",
      "resolved": "https://registry.npmjs.org/react-dom/-/react-dom-18.2.0.tgz",
      "integrity": "sha512-6IMTriUmvsjHUjNtEDudZfuDQUoWXVxKHhlEGSk81n4YFS+r/Kl99wXiwlVXtPBtJenozv2P+hxDsw9eA7Xo6g==",
      "requires": {
        "loose-envify": "^1.1.0",
        "scheduler": "^0.23.0"
      }
    },
    "react-icons": {
      "version": "4.8.0",
      "resolved": "https://registry.npmjs.org/react-icons/-/react-icons-4.8.0.tgz",
      "integrity": "sha512-N6+kOLcihDiAnj5Czu637waJqSnwlMNROzVZMhfX68V/9bu9qHaMIJC4UdozWoOk57gahFCNHwVvWzm0MTzRjg=="
    },
    "react-parallax-mouse": {
      "version": "2.0.1",
      "resolved": "https://registry.npmjs.org/react-parallax-mouse/-/react-parallax-mouse-2.0.1.tgz",
      "integrity": "sha512-Z8DHFT4ldpBJO69s6AoFehnRtGekC4515mAefM4yOyClyc6Qd0U4DKD5sUbL+qhgb3IE0Y3N7s5smGimOutc8g==",
      "requires": {
        "react-spring": "^9.5.5"
      }
    },
    "react-spring": {
      "version": "9.7.1",
      "resolved": "https://registry.npmjs.org/react-spring/-/react-spring-9.7.1.tgz",
      "integrity": "sha512-o2+r2DNQDVEuefiz33ZF76DPd/gLq3kbdObJmllGF2IUfv2W6x+ZP0gR97QYCSR4QLbmOl1mPKUBbI+FJdys2Q==",
      "requires": {
        "@react-spring/core": "~9.7.1",
        "@react-spring/konva": "~9.7.1",
        "@react-spring/native": "~9.7.1",
        "@react-spring/three": "~9.7.1",
        "@react-spring/web": "~9.7.1",
        "@react-spring/zdog": "~9.7.1"
      }
    },
    "scheduler": {
      "version": "0.23.0",
      "resolved": "https://registry.npmjs.org/scheduler/-/scheduler-0.23.0.tgz",
      "integrity": "sha512-CtuThmgHNg7zIZWAXi3AsyIzA3n4xx7aNyjwC2VJldO2LMVDhFK+63xGqq6CsJH4rTAt6/M+N4GhZiDYPx9eUw==",
      "requires": {
        "loose-envify": "^1.1.0"
      }
    },
    "source-map-js": {
      "version": "1.0.2",
      "resolved": "https://registry.npmjs.org/source-map-js/-/source-map-js-1.0.2.tgz",
      "integrity": "sha512-R0XvVJ9WusLiqTCEiGCmICCMplcCkIwwR11mOSD9CR5u+IXYdiseeEuXCVAjS54zqwkLcPNnmU4OeJ6tUrWhDw=="
    },
    "streamsearch": {
      "version": "1.1.0",
      "resolved": "https://registry.npmjs.org/streamsearch/-/streamsearch-1.1.0.tgz",
      "integrity": "sha512-Mcc5wHehp9aXz1ax6bZUyY5afg9u2rv5cqQI3mRrYkGC8rW2hM02jWuwjtL++LS5qinSyhj2QfLyNsuc+VsExg=="
    },
    "styled-jsx": {
      "version": "5.1.1",
      "resolved": "https://registry.npmjs.org/styled-jsx/-/styled-jsx-5.1.1.tgz",
      "integrity": "sha512-pW7uC1l4mBZ8ugbiZrcIsiIvVx1UmTfw7UkC3Um2tmfUq9Bhk8IiyEIPl6F8agHgjzku6j0xQEZbfA5uSgSaCw==",
      "requires": {
        "client-only": "0.0.1"
      }
    },
    "tslib": {
      "version": "2.5.0",
      "resolved": "https://registry.npmjs.org/tslib/-/tslib-2.5.0.tgz",
      "integrity": "sha512-336iVw3rtn2BUK7ORdIAHTyxHGRIHVReokCR3XjbckJMK7ms8FysBfhLR8IXnAgy7T0PTPNBWKiH514FOW/WSg=="
    },
    "typescript": {
      "version": "5.0.4",
      "resolved": "https://registry.npmjs.org/typescript/-/typescript-5.0.4.tgz",
      "integrity": "sha512-cW9T5W9xY37cc+jfEnaUvX91foxtHkza3Nw3wkoF4sSlKn0MONdkdEndig/qPBWXNkmplh3NzayQzCiHM4/hqw=="
    },
    "zod": {
      "version": "3.21.4",
      "resolved": "https://registry.npmjs.org/zod/-/zod-3.21.4.tgz",
      "integrity": "sha512-m46AKbrzKVzOzs/DZgVnG5H55N1sv1M8qZU3A8RIKbs3mrACDNeIOeilDymVb2HdmP8uwshOCF4uJ8uM9rCqJw=="
    }
  }
}
